{
  "name": "test_project",
  "version": "1.0.0",
  "lockfileVersion": 1,
  "requires": true,
  "dependencies": {
    "is-array": {
      "version": "1.0.1",
      "resolved": "https://registry.npmjs.org/is-array/-/is-array-1.0.1.tgz",
      "integrity": "sha1-6YUMwsyGDDvAl36EzPDdRkWEJ5o=",
      "dev": true
    },
    "opencolor": {
      "version": "0.1.0",
      "resolved": "https://registry.npmjs.org/opencolor/-/opencolor-0.1.0.tgz",
      "integrity": "sha1-j7KvoT4ayuNtmRSlSR3MlY+o0uo=",
      "requires": {
        "tinycolor2": "^1.3.0"
      }
    },
    "tinycolor2": {
      "version": "1.4.1",
      "resolved": "https://registry.npmjs.org/tinycolor2/-/tinycolor2-1.4.1.tgz",
      "integrity": "sha1-9PrTM0R7wLB9TcjpIJ2POaisd+g="
    }
  }
}
